
Microsoft Visual Studio Solution File, Format Version 12.00
# Visual Studio Version 17
VisualStudioVersion = 17.11.35222.181
MinimumVisualStudioVersion = 10.0.40219.1
Project("{FAE04EC0-301F-11D3-BF4B-00C04F79EFBC}") = "WebApiOMDB", "WebApiOMDB\WebApiOMDB.csproj", "{BC2E8735-84D5-4684-BB16-09565E841B16}"
EndProject
Global
	GlobalSection(SolutionConfigurationPlatforms) = preSolution
		Debug|Any CPU = Debug|Any CPU
		Release|Any CPU = Release|Any CPU
	EndGlobalSection
	GlobalSection(ProjectConfigurationPlatforms) = postSolution
		{BC2E8735-84D5-4684-BB16-09565E841B16}.Debug|Any CPU.ActiveCfg = Debug|Any CPU
		{BC2E8735-84D5-4684-BB16-09565E841B16}.Debug|Any CPU.Build.0 = Debug|Any CPU
		{BC2E8735-84D5-4684-BB16-09565E841B16}.Release|Any CPU.ActiveCfg = Release|Any CPU
		{BC2E8735-84D5-4684-BB16-09565E841B16}.Release|Any CPU.Build.0 = Release|Any CPU
	EndGlobalSection
	GlobalSection(SolutionProperties) = preSolution
		HideSolutionNode = FALSE
	EndGlobalSection
	GlobalSection(ExtensibilityGlobals) = postSolution
		SolutionGuid = {91FA3E2E-74A5-4323-974E-4B71530E03F9}
	EndGlobalSection
EndGlobal
